{
  "name": "cache",
  "lockfileVersion": 3,
  "requires": true,
  "packages": {
    "": {
      "dependencies": {
        "toolkit-carbon": "^1.0.0"
      }
    },
    "node_modules/toolkit-carbon": {
      "version": "1.0.0",
      "resolved": "https://a.newegg.org:443/artifactory/api/npm/newegg-npm/toolkit-carbon/-/toolkit-carbon-1.0.0.tgz",
      "integrity": "sha512-Il1pYUyM7GQpoCACR/X3XgnC/AEif40QZwDiBuUCitgERGqGoLNEBc0DK+H6QWhgQXCv+8sqUwfee7mdK2fUiA=="
    }
  }
}
